
Microsoft Visual Studio Solution File, Format Version 12.00
# Visual Studio Version 16
VisualStudioVersion = 16.0.32901.82
MinimumVisualStudioVersion = 10.0.40219.1
Project("{FAE04EC0-301F-11D3-BF4B-00C04F79EFBC}") = "Yayayaya", "Yayayaya\Yayayaya.csproj", "{AA5B1063-2DD7-4DD1-B966-F7DC431EC6DF}"
EndProject
Global
	GlobalSection(SolutionConfigurationPlatforms) = preSolution
		Debug|Any CPU = Debug|Any CPU
		Release|Any CPU = Release|Any CPU
	EndGlobalSection
	GlobalSection(ProjectConfigurationPlatforms) = postSolution
		{AA5B1063-2DD7-4DD1-B966-F7DC431EC6DF}.Debug|Any CPU.ActiveCfg = Debug|Any CPU
		{AA5B1063-2DD7-4DD1-B966-F7DC431EC6DF}.Debug|Any CPU.Build.0 = Debug|Any CPU
		{AA5B1063-2DD7-4DD1-B966-F7DC431EC6DF}.Release|Any CPU.ActiveCfg = Release|Any CPU
		{AA5B1063-2DD7-4DD1-B966-F7DC431EC6DF}.Release|Any CPU.Build.0 = Release|Any CPU
	EndGlobalSection
	GlobalSection(SolutionProperties) = preSolution
		HideSolutionNode = FALSE
	EndGlobalSection
	GlobalSection(ExtensibilityGlobals) = postSolution
		SolutionGuid = {03AF157D-2D6D-40C6-93B2-CD403A6AC3E0}
	EndGlobalSection
EndGlobal
