
Microsoft Visual Studio Solution File, Format Version 12.00
# Visual Studio Version 16
VisualStudioVersion = 16.0.32901.82
MinimumVisualStudioVersion = 10.0.40219.1
Project("{FAE04EC0-301F-11D3-BF4B-00C04F79EFBC}") = "AplikasiPerhitungan", "AplikasiPerhitungan\AplikasiPerhitungan.csproj", "{CBE509AA-890A-4B98-A612-B17743D8F496}"
EndProject
Global
	GlobalSection(SolutionConfigurationPlatforms) = preSolution
		Debug|Any CPU = Debug|Any CPU
		Release|Any CPU = Release|Any CPU
	EndGlobalSection
	GlobalSection(ProjectConfigurationPlatforms) = postSolution
		{CBE509AA-890A-4B98-A612-B17743D8F496}.Debug|Any CPU.ActiveCfg = Debug|Any CPU
		{CBE509AA-890A-4B98-A612-B17743D8F496}.Debug|Any CPU.Build.0 = Debug|Any CPU
		{CBE509AA-890A-4B98-A612-B17743D8F496}.Release|Any CPU.ActiveCfg = Release|Any CPU
		{CBE509AA-890A-4B98-A612-B17743D8F496}.Release|Any CPU.Build.0 = Release|Any CPU
	EndGlobalSection
	GlobalSection(SolutionProperties) = preSolution
		HideSolutionNode = FALSE
	EndGlobalSection
	GlobalSection(ExtensibilityGlobals) = postSolution
		SolutionGuid = {CE092447-0264-462E-A84E-2633A012C781}
	EndGlobalSection
EndGlobal
