
Microsoft Visual Studio Solution File, Format Version 12.00
# Visual Studio Version 16
VisualStudioVersion = 16.0.32901.82
MinimumVisualStudioVersion = 10.0.40219.1
Project("{FAE04EC0-301F-11D3-BF4B-00C04F79EFBC}") = "MySql", "MySql\MySql.csproj", "{C979E384-96EB-45F9-912F-2DDEEEA78216}"
EndProject
Global
	GlobalSection(SolutionConfigurationPlatforms) = preSolution
		Debug|Any CPU = Debug|Any CPU
		Release|Any CPU = Release|Any CPU
	EndGlobalSection
	GlobalSection(ProjectConfigurationPlatforms) = postSolution
		{C979E384-96EB-45F9-912F-2DDEEEA78216}.Debug|Any CPU.ActiveCfg = Debug|Any CPU
		{C979E384-96EB-45F9-912F-2DDEEEA78216}.Debug|Any CPU.Build.0 = Debug|Any CPU
		{C979E384-96EB-45F9-912F-2DDEEEA78216}.Release|Any CPU.ActiveCfg = Release|Any CPU
		{C979E384-96EB-45F9-912F-2DDEEEA78216}.Release|Any CPU.Build.0 = Release|Any CPU
	EndGlobalSection
	GlobalSection(SolutionProperties) = preSolution
		HideSolutionNode = FALSE
	EndGlobalSection
	GlobalSection(ExtensibilityGlobals) = postSolution
		SolutionGuid = {A1BD4561-BD77-425A-9BAE-62B21961B397}
	EndGlobalSection
EndGlobal
