
Microsoft Visual Studio Solution File, Format Version 12.00
# Visual Studio Version 16
VisualStudioVersion = 16.0.32901.82
MinimumVisualStudioVersion = 10.0.40219.1
Project("{FAE04EC0-301F-11D3-BF4B-00C04F79EFBC}") = "Aplikasi Hitung Diskon", "Aplikasi Hitung Diskon\Aplikasi Hitung Diskon.csproj", "{8647B9C2-F220-4FBA-90FE-F1C9CB652052}"
EndProject
Global
	GlobalSection(SolutionConfigurationPlatforms) = preSolution
		Debug|Any CPU = Debug|Any CPU
		Release|Any CPU = Release|Any CPU
	EndGlobalSection
	GlobalSection(ProjectConfigurationPlatforms) = postSolution
		{8647B9C2-F220-4FBA-90FE-F1C9CB652052}.Debug|Any CPU.ActiveCfg = Debug|Any CPU
		{8647B9C2-F220-4FBA-90FE-F1C9CB652052}.Debug|Any CPU.Build.0 = Debug|Any CPU
		{8647B9C2-F220-4FBA-90FE-F1C9CB652052}.Release|Any CPU.ActiveCfg = Release|Any CPU
		{8647B9C2-F220-4FBA-90FE-F1C9CB652052}.Release|Any CPU.Build.0 = Release|Any CPU
	EndGlobalSection
	GlobalSection(SolutionProperties) = preSolution
		HideSolutionNode = FALSE
	EndGlobalSection
	GlobalSection(ExtensibilityGlobals) = postSolution
		SolutionGuid = {2060F12F-4B02-4722-B6C5-4930789B62DC}
	EndGlobalSection
EndGlobal
